<?xml version="1.0" encoding="utf-8"?>
<Project ToolsVersion="4.0" xmlns="http://schemas.microsoft.com/developer/msbuild/2003">
  <ItemGroup>
    <Filter Include="Файлы исходного кода">
      <UniqueIdentifier>{4FC737F1-C7A5-4376-A066-2A32D752A2FF}</UniqueIdentifier>
      <Extensions>cpp;c;cc;cxx;def;odl;idl;hpj;bat;asm;asmx</Extensions>
    </Filter>
    <Filter Include="Заголовочные файлы">
      <UniqueIdentifier>{93995380-89BD-4b04-88EB-625FBE52EBFB}</UniqueIdentifier>
      <Extensions>h;hh;hpp;hxx;hm;inl;inc;xsd</Extensions>
    </Filter>
    <Filter Include="Файлы ресурсов">
      <UniqueIdentifier>{67DA6AB6-F800-4c08-8B7A-83BB121AAD01}</UniqueIdentifier>
      <Extensions>rc;ico;cur;bmp;dlg;rc2;rct;bin;rgs;gif;jpg;jpeg;jpe;resx;tiff;tif;png;wav;mfcribbon-ms</Extensions>
    </Filter>
    <Filter Include="Заголовочные файлы\BuilinPrograms">
      <UniqueIdentifier>{3cdf96e2-5516-41ac-91af-177bc8707d28}</UniqueIdentifier>
    </Filter>
    <Filter Include="Файлы исходного кода\BuiltinPrograms">
      <UniqueIdentifier>{f1104af2-cc46-4c5a-b6a2-ea94bf022018}</UniqueIdentifier>
    </Filter>
  </ItemGroup>
  <ItemGroup>
    <ClCompile Include="StringList.c">
      <Filter>Файлы исходного кода</Filter>
    </ClCompile>
    <ClCompile Include="Shell.c">
      <Filter>Файлы исходного кода</Filter>
    </ClCompile>
    <ClCompile Include="BuiltinProgController.c">
      <Filter>Файлы исходного кода</Filter>
    </ClCompile>
    <ClCompile Include="HelloWorld.c">
      <Filter>Файлы исходного кода\BuiltinPrograms</Filter>
    </ClCompile>
    <ClCompile Include="BuiltinProgInterpretator.c">
      <Filter>Файлы исходного кода</Filter>
    </ClCompile>
    <ClCompile Include="sum.c">
      <Filter>Файлы исходного кода\BuiltinPrograms</Filter>
    </ClCompile>
    <ClCompile Include="Execute.c">
      <Filter>Файлы исходного кода</Filter>
    </ClCompile>
    <ClCompile Include="FindFile.c">
      <Filter>Файлы исходного кода</Filter>
    </ClCompile>
    <ClCompile Include="Binary.c">
      <Filter>Файлы исходного кода\BuiltinPrograms</Filter>
    </ClCompile>
    <ClCompile Include="ChangeDirectory.c">
      <Filter>Файлы исходного кода</Filter>
    </ClCompile>
    <ClCompile Include="DirectoryExists.c">
      <Filter>Файлы исходного кода</Filter>
    </ClCompile>
  </ItemGroup>
  <ItemGroup>
    <ClInclude Include="BuiltinProgController.h">
      <Filter>Заголовочные файлы</Filter>
    </ClInclude>
    <ClInclude Include="HelloWorld.h">
      <Filter>Заголовочные файлы\BuilinPrograms</Filter>
    </ClInclude>
    <ClInclude Include="StringList.h">
      <Filter>Заголовочные файлы</Filter>
    </ClInclude>
    <ClInclude Include="Shell.h">
      <Filter>Заголовочные файлы</Filter>
    </ClInclude>
    <ClInclude Include="BuiltinProgInterpretator.h">
      <Filter>Заголовочные файлы</Filter>
    </ClInclude>
    <ClInclude Include="sum.h">
      <Filter>Заголовочные файлы\BuilinPrograms</Filter>
    </ClInclude>
    <ClInclude Include="FindFile.h">
      <Filter>Заголовочные файлы</Filter>
    </ClInclude>
    <ClInclude Include="ParserOfArguments.h">
      <Filter>Заголовочные файлы</Filter>
    </ClInclude>
    <ClInclude Include="Binary.h">
      <Filter>Заголовочные файлы\BuilinPrograms</Filter>
    </ClInclude>
    <ClInclude Include="ChangeDirectory.h">
      <Filter>Заголовочные файлы</Filter>
    </ClInclude>
    <ClInclude Include="Directoryexists.h">
      <Filter>Заголовочные файлы</Filter>
    </ClInclude>
    <ClInclude Include="DirectoreExists.h">
      <Filter>Заголовочные файлы</Filter>
    </ClInclude>
  </ItemGroup>
</Project>